{
  "version": "5",
  "specifiers": {
    "npm:effect@4.0.2": "4.0.2"
  },
  "npm": {
    "effect@4.0.2": {
      "integrity": "sha512-YeYnLqSFrL4+tCOXRrfNP03w8FILoF/wDl+ukraJAGzXrjcS383W7LAAvGBbLatEyktmLxRq+9xJinx7QzXW5A==",
      "tarball": "https://nexus.visma.com/repository/npm-all/effect/-/effect-4.0.2.tgz"
    }
  },
  "workspace": {
    "dependencies": [
      "npm:effect@4.0.2"
    ]
  }
}
