{
  "version": "5",
  "specifiers": {
    "npm:effect@4.0.0-rc.115": "4.0.0-rc.115"
  },
  "npm": {
    "effect@4.0.0-rc.115": {
      "integrity": "sha512-ogYulZ5ffeOzrJqQrG0XOkDO5lKn2s9KNHhoxJy/6wKUkF0i12dlVXWA9TgsgQ+zV/JzizyG0+XMPepZEQX6vw==",
      "tarball": "https://nexus.visma.com/repository/npm-all/effect/-/effect-4.0.0-rc.115.tgz"
    }
  },
  "workspace": {
    "dependencies": [
      "npm:effect@4.0.0-rc.115"
    ]
  }
}
